
Microsoft Visual Studio Solution File, Format Version 12.00
Project("{FAE04EC0-301F-11D3-BF4B-00C04F79EFBC}") = "FwUtil.Cli", "FwUtil.Cli\FwUtil.Cli.csproj", "{09632B41-218C-4A6E-ABFC-CAEE8A002E5A}"
EndProject
Project("{FAE04EC0-301F-11D3-BF4B-00C04F79EFBC}") = "FwUtil.Core", "FwUtil.Core\FwUtil.Core.csproj", "{C57197DC-F90B-48B6-8EB7-1D589C3664D1}"
EndProject
Global
	GlobalSection(SolutionConfigurationPlatforms) = preSolution
		Debug|Any CPU = Debug|Any CPU
		Release|Any CPU = Release|Any CPU
	EndGlobalSection
	GlobalSection(ProjectConfigurationPlatforms) = postSolution
		{09632B41-218C-4A6E-ABFC-CAEE8A002E5A}.Debug|Any CPU.ActiveCfg = Debug|Any CPU
		{09632B41-218C-4A6E-ABFC-CAEE8A002E5A}.Debug|Any CPU.Build.0 = Debug|Any CPU
		{09632B41-218C-4A6E-ABFC-CAEE8A002E5A}.Release|Any CPU.ActiveCfg = Release|Any CPU
		{09632B41-218C-4A6E-ABFC-CAEE8A002E5A}.Release|Any CPU.Build.0 = Release|Any CPU
		{C57197DC-F90B-48B6-8EB7-1D589C3664D1}.Debug|Any CPU.ActiveCfg = Debug|Any CPU
		{C57197DC-F90B-48B6-8EB7-1D589C3664D1}.Debug|Any CPU.Build.0 = Debug|Any CPU
		{C57197DC-F90B-48B6-8EB7-1D589C3664D1}.Release|Any CPU.ActiveCfg = Release|Any CPU
		{C57197DC-F90B-48B6-8EB7-1D589C3664D1}.Release|Any CPU.Build.0 = Release|Any CPU
	EndGlobalSection
EndGlobal
